# generated by rye
# use `rye lock` or `rye sync` to update this lockfile
#
# last locked with the following flags:
#   pre: false
#   features: []
#   all-features: false
#   with-sources: false
#   generate-hashes: false
#   universal: false

-e file:.
absl-py==2.1.0
    # via chex
    # via optax
    # via orbax-checkpoint
certifi==2024.12.14
    # via requests
charset-normalizer==3.4.1
    # via requests
chex==0.1.88
    # via flax-demo
    # via optax
etils==1.11.0
    # via optax
    # via orbax-checkpoint
flax==0.10.2
    # via flax-demo
fsspec==2024.12.0
    # via etils
humanize==4.11.0
    # via orbax-checkpoint
idna==3.10
    # via requests
importlib-resources==6.5.2
    # via etils
jax==0.5.0
    # via chex
    # via flax
    # via flax-demo
    # via optax
    # via orbax-checkpoint
jaxlib==0.5.0
    # via chex
    # via jax
    # via optax
joblib==1.4.2
    # via scikit-learn
kagglehub==0.3.6
    # via flax-demo
markdown-it-py==3.0.0
    # via rich
mdurl==0.1.2
    # via markdown-it-py
ml-dtypes==0.5.1
    # via jax
    # via jaxlib
    # via tensorstore
msgpack==1.1.0
    # via flax
    # via orbax-checkpoint
nest-asyncio==1.6.0
    # via orbax-checkpoint
numpy==2.2.2
    # via chex
    # via flax
    # via jax
    # via jaxlib
    # via ml-dtypes
    # via optax
    # via orbax-checkpoint
    # via scikit-learn
    # via scipy
    # via tensorstore
opt-einsum==3.4.0
    # via jax
optax==0.2.4
    # via flax
    # via flax-demo
orbax==0.1.9
    # via flax-demo
orbax-checkpoint==0.11.0
    # via flax
    # via orbax
packaging==24.2
    # via kagglehub
polars==1.21.0
    # via flax-demo
protobuf==5.29.3
    # via orbax-checkpoint
pygments==2.19.1
    # via rich
pyyaml==6.0.2
    # via flax
    # via orbax-checkpoint
requests==2.32.3
    # via kagglehub
rich==13.9.4
    # via flax
scikit-learn==1.6.1
    # via flax-demo
scipy==1.15.1
    # via jax
    # via jaxlib
    # via scikit-learn
setuptools==75.8.0
    # via chex
simplejson==3.19.3
    # via orbax-checkpoint
tensorstore==0.1.71
    # via flax
    # via orbax-checkpoint
threadpoolctl==3.5.0
    # via scikit-learn
toolz==1.0.0
    # via chex
tqdm==4.67.1
    # via kagglehub
typing-extensions==4.12.2
    # via chex
    # via etils
    # via flax
    # via orbax-checkpoint
urllib3==2.3.0
    # via requests
zipp==3.21.0
    # via etils
